
Microsoft Visual Studio Solution File, Format Version 12.00
# Visual Studio Version 16
VisualStudioVersion = 16.0.31410.357
MinimumVisualStudioVersion = 10.0.40219.1
Project("{9A19103F-16F7-4668-BE54-9A1E7A4F7556}") = "SS-API", "SS-API.csproj", "{75DEABE1-BF90-492B-B848-FAD87C050E03}"
EndProject
Global
	GlobalSection(SolutionConfigurationPlatforms) = preSolution
		Debug|Any CPU = Debug|Any CPU
		Release|Any CPU = Release|Any CPU
	EndGlobalSection
	GlobalSection(ProjectConfigurationPlatforms) = postSolution
		{75DEABE1-BF90-492B-B848-FAD87C050E03}.Debug|Any CPU.ActiveCfg = Debug|Any CPU
		{75DEABE1-BF90-492B-B848-FAD87C050E03}.Debug|Any CPU.Build.0 = Debug|Any CPU
		{75DEABE1-BF90-492B-B848-FAD87C050E03}.Release|Any CPU.ActiveCfg = Release|Any CPU
		{75DEABE1-BF90-492B-B848-FAD87C050E03}.Release|Any CPU.Build.0 = Release|Any CPU
	EndGlobalSection
	GlobalSection(SolutionProperties) = preSolution
		HideSolutionNode = FALSE
	EndGlobalSection
	GlobalSection(ExtensibilityGlobals) = postSolution
		SolutionGuid = {B2B61FF3-9465-4C6C-987F-50400F8FF1E9}
	EndGlobalSection
EndGlobal
